
Microsoft Visual Studio Solution File, Format Version 12.00
# Visual Studio Version 16
VisualStudioVersion = 16.0.31613.86
MinimumVisualStudioVersion = 10.0.40219.1
Project("{FAE04EC0-301F-11D3-BF4B-00C04F79EFBC}") = "ConsoleApp", "ConsoleApp\ConsoleApp.csproj", "{F6AC3F65-C143-4218-A457-EA05BCF9B81E}"
EndProject
Global
	GlobalSection(SolutionConfigurationPlatforms) = preSolution
		Debug|Any CPU = Debug|Any CPU
		Release|Any CPU = Release|Any CPU
	EndGlobalSection
	GlobalSection(ProjectConfigurationPlatforms) = postSolution
		{F6AC3F65-C143-4218-A457-EA05BCF9B81E}.Debug|Any CPU.ActiveCfg = Debug|Any CPU
		{F6AC3F65-C143-4218-A457-EA05BCF9B81E}.Debug|Any CPU.Build.0 = Debug|Any CPU
		{F6AC3F65-C143-4218-A457-EA05BCF9B81E}.Release|Any CPU.ActiveCfg = Release|Any CPU
		{F6AC3F65-C143-4218-A457-EA05BCF9B81E}.Release|Any CPU.Build.0 = Release|Any CPU
	EndGlobalSection
	GlobalSection(SolutionProperties) = preSolution
		HideSolutionNode = FALSE
	EndGlobalSection
	GlobalSection(ExtensibilityGlobals) = postSolution
		SolutionGuid = {93D4B4D6-FF39-478E-8C52-38665E777AE9}
	EndGlobalSection
EndGlobal
