
Microsoft Visual Studio Solution File, Format Version 12.00
# Visual Studio Version 16
VisualStudioVersion = 16.0.31613.86
MinimumVisualStudioVersion = 10.0.40219.1
Project("{FAE04EC0-301F-11D3-BF4B-00C04F79EFBC}") = "WindowsFormsApp1", "WindowsFormsApp1\WindowsFormsApp1.csproj", "{B52456BC-2D37-4F36-B054-27E1215CFBA9}"
EndProject
Global
	GlobalSection(SolutionConfigurationPlatforms) = preSolution
		Debug|Any CPU = Debug|Any CPU
		Release|Any CPU = Release|Any CPU
	EndGlobalSection
	GlobalSection(ProjectConfigurationPlatforms) = postSolution
		{B52456BC-2D37-4F36-B054-27E1215CFBA9}.Debug|Any CPU.ActiveCfg = Debug|Any CPU
		{B52456BC-2D37-4F36-B054-27E1215CFBA9}.Debug|Any CPU.Build.0 = Debug|Any CPU
		{B52456BC-2D37-4F36-B054-27E1215CFBA9}.Release|Any CPU.ActiveCfg = Release|Any CPU
		{B52456BC-2D37-4F36-B054-27E1215CFBA9}.Release|Any CPU.Build.0 = Release|Any CPU
	EndGlobalSection
	GlobalSection(SolutionProperties) = preSolution
		HideSolutionNode = FALSE
	EndGlobalSection
	GlobalSection(ExtensibilityGlobals) = postSolution
		SolutionGuid = {20D5DA52-937F-40E3-A4E0-0D762FEFF994}
	EndGlobalSection
EndGlobal
